
Microsoft Visual Studio Solution File, Format Version 12.00
# Visual Studio Version 17
VisualStudioVersion = 17.5.002.0
MinimumVisualStudioVersion = 10.0.40219.1
Project("{9A19103F-16F7-4668-BE54-9A1E7A4F7556}") = "Aptitude", "Aptitude.csproj", "{1BCD4B93-AABF-404E-957D-F79C8F7D0F0D}"
EndProject
Global
	GlobalSection(SolutionConfigurationPlatforms) = preSolution
		Debug|Any CPU = Debug|Any CPU
		Release|Any CPU = Release|Any CPU
	EndGlobalSection
	GlobalSection(ProjectConfigurationPlatforms) = postSolution
		{1BCD4B93-AABF-404E-957D-F79C8F7D0F0D}.Debug|Any CPU.ActiveCfg = Debug|Any CPU
		{1BCD4B93-AABF-404E-957D-F79C8F7D0F0D}.Debug|Any CPU.Build.0 = Debug|Any CPU
		{1BCD4B93-AABF-404E-957D-F79C8F7D0F0D}.Release|Any CPU.ActiveCfg = Release|Any CPU
		{1BCD4B93-AABF-404E-957D-F79C8F7D0F0D}.Release|Any CPU.Build.0 = Release|Any CPU
	EndGlobalSection
	GlobalSection(SolutionProperties) = preSolution
		HideSolutionNode = FALSE
	EndGlobalSection
	GlobalSection(ExtensibilityGlobals) = postSolution
		SolutionGuid = {EF08D9B5-6CC3-47E8-8A47-5788D98622D2}
	EndGlobalSection
EndGlobal
